// !$*UTF8*$!
{
	archiveVersion = 1;
	classes = {
	};
	objectVersion = 46;
	objects = {

/* Begin PBXBuildFile section */
		6D12A6DE1C590DCC002D72CF /* AppDelegate.swift in Sources */ = {isa = PBXBuildFile; fileRef = 6D12A6DD1C590DCC002D72CF /* AppDelegate.swift */; };
		6D12A6E01C590DCC002D72CF /* ViewController.swift in Sources */ = {isa = PBXBuildFile; fileRef = 6D12A6DF1C590DCC002D72CF /* ViewController.swift */; };
		6D12A6E31C590DCC002D72CF /* Main.storyboard in Resources */ = {isa = PBXBuildFile; fileRef = 6D12A6E11C590DCC002D72CF /* Main.storyboard */; };
		6D12A6E51C590DCC002D72CF /* Assets.xcassets in Resources */ = {isa = PBXBuildFile; fileRef = 6D12A6E41C590DCC002D72CF /* Assets.xcassets */; };
		6D12A6E81C590DCC002D72CF /* LaunchScreen.storyboard in Resources */ = {isa = PBXBuildFile; fileRef = 6D12A6E61C590DCC002D72CF /* LaunchScreen.storyboard */; };
/* End PBXBuildFile section */

/* Begin PBXFileReference section */
		6D12A6DA1C590DCB002D72CF /* PSAR.app */ = {isa = PBXFileReference; explicitFileType = wrapper.application; includeInIndex = 0; path = PSAR.app; sourceTree = BUILT_PRODUCTS_DIR; };
		6D12A6DD1C590DCC002D72CF /* AppDelegate.swift */ = {isa = PBXFileReference; lastKnownFileType = sourcecode.swift; path = AppDelegate.swift; sourceTree = "<group>"; };
		6D12A6DF1C590DCC002D72CF /* ViewController.swift */ = {isa = PBXFileReference; lastKnownFileType = sourcecode.swift; path = ViewController.swift; sourceTree = "<group>"; };
		6D12A6E21C590DCC002D72CF /* Base */ = {isa = PBXFileReference; lastKnownFileType = file.storyboard; name = Base; path = Base.lproj/Main.storyboard; sourceTree = "<group>"; };
		6D12A6E41C590DCC002D72CF /* Assets.xcassets */ = {isa = PBXFileReference; lastKnownFileType = folder.assetcatalog; path = Assets.xcassets; sourceTree = "<group>"; };
		6D12A6E71C590DCC002D72CF /* Base */ = {isa = PBXFileReference; lastKnownFileType = file.storyboard; name = Base; path = Base.lproj/LaunchScreen.storyboard; sourceTree = "<group>"; };
		6D12A6E91C590DCC002D72CF /* Info.plist */ = {isa = PBXFileReference; lastKnownFileType = text.plist.xml; path = Info.plist; sourceTree = "<group>"; };
/* End PBXFileReference section */

/* Begin PBXFrameworksBuildPhase section */
		6D12A6D71C590DCB002D72CF /* Frameworks */ = {
			isa = PBXFrameworksBuildPhase;
			buildActionMask = 2147483647;
			files = (
			);
			runOnlyForDeploymentPostprocessing = 0;
		};
/* End PBXFrameworksBuildPhase section */

/* Begin PBXGroup section */
		6D12A6D11C590DCB002D72CF = {
			isa = PBXGroup;
			children = (
				6D12A6DC1C590DCC002D72CF /* PSAR */,
				6D12A6DB1C590DCB002D72CF /* Products */,
			);
			sourceTree = "<group>";
		};
		6D12A6DB1C590DCB002D72CF /* Products */ = {
			isa = PBXGroup;
			children = (
				6D12A6DA1C590DCB002D72CF /* PSAR.app */,
			);
			name = Products;
			sourceTree = "<group>";
		};
		6D12A6DC1C590DCC002D72CF /* PSAR */ = {
			isa = PBXGroup;
			children = (
				6D12A6DD1C590DCC002D72CF /* AppDelegate.swift */,
				6D12A6DF1C590DCC002D72CF /* ViewController.swift */,
				6D12A6E11C590DCC002D72CF /* Main.storyboard */,
				6D12A6E41C590DCC002D72CF /* Assets.xcassets */,
				6D12A6E61C590DCC002D72CF /* LaunchScreen.storyboard */,
				6D12A6E91C590DCC002D72CF /* Info.plist */,
			);
			path = PSAR;
			sourceTree = "<group>";
		};
/* End PBXGroup section */

/* Begin PBXNativeTarget section */
		6D12A6D91C590DCB002D72CF /* PSAR */ = {
			isa = PBXNativeTarget;
			buildConfigurationList = 6D12A6EC1C590DCC002D72CF /* Build configuration list for PBXNativeTarget "PSAR" */;
			buildPhases = (
				6D12A6D61C590DCB002D72CF /* Sources */,
				6D12A6D71C590DCB002D72CF /* Frameworks */,
				6D12A6D81C590DCB002D72CF /* Resources */,
			);
			buildRules = (
			);
			dependencies = (
			);
			name = PSAR;
			productName = PSAR;
			productReference = 6D12A6DA1C590DCB002D72CF /* PSAR.app */;
			productType = "com.apple.product-type.application";
		};
/* End PBXNativeTarget section */

/* Begin PBXProject section */
		6D12A6D21C590DCB002D72CF /* Project object */ = {
			isa = PBXProject;
			attributes = {
				LastSwiftUpdateCheck = 0720;
				LastUpgradeCheck = 0720;
				TargetAttributes = {
					6D12A6D91C590DCB002D72CF = {
						CreatedOnToolsVersion = 7.2;
					};
				};
			};
			buildConfigurationList = 6D12A6D51C590DCB002D72CF /* Build configuration list for PBXProject "PSAR" */;
			compatibilityVersion = "Xcode 3.2";
			developmentRegion = English;
			hasScannedForEncodings = 0;
			knownRegions = (
				en,
				Base,
			);
			mainGroup = 6D12A6D11C590DCB002D72CF;
			productRefGroup = 6D12A6DB1C590DCB002D72CF /* Products */;
			projectDirPath = "";
			projectRoot = "";
			targets = (
				6D12A6D91C590DCB002D72CF /* PSAR */,
			);
		};
/* End PBXProject section */

/* Begin PBXResourcesBuildPhase section */
		6D12A6D81C590DCB002D72CF /* Resources */ = {
			isa = PBXResourcesBuildPhase;
			buildActionMask = 2147483647;
			files = (
				6D12A6E81C590DCC002D72CF /* LaunchScreen.storyboard in Resources */,
				6D12A6E51C590DCC002D72CF /* Assets.xcassets in Resources */,
				6D12A6E31C590DCC002D72CF /* Main.storyboard in Resources */,
			);
			runOnlyForDeploymentPostprocessing = 0;
		};
/* End PBXResourcesBuildPhase section */

/* Begin PBXSourcesBuildPhase section */
		6D12A6D61C590DCB002D72CF /* Sources */ = {
			isa = PBXSourcesBuildPhase;
			buildActionMask = 2147483647;
			files = (
				6D12A6E01C590DCC002D72CF /* ViewController.swift in Sources */,
				6D12A6DE1C590DCC002D72CF /* AppDelegate.swift in Sources */,
			);
			runOnlyForDeploymentPostprocessing = 0;
		};
/* End PBXSourcesBuildPhase section */

/* Begin PBXVariantGroup section */
		6D12A6E11C590DCC002D72CF /* Main.storyboard */ = {
			isa = PBXVariantGroup;
			children = (
				6D12A6E21C590DCC002D72CF /* Base */,
			);
			name = Main.storyboard;
			sourceTree = "<group>";
		};
		6D12A6E61C590DCC002D72CF /* LaunchScreen.storyboard */ = {
			isa = PBXVariantGroup;
			children = (
				6D12A6E71C590DCC002D72CF /* Base */,
			);
			name = LaunchScreen.storyboard;
			sourceTree = "<group>";
		};
/* End PBXVariantGroup section */

/* Begin XCBuildConfiguration section */
		6D12A6EA1C590DCC002D72CF /* Debug */ = {
			isa = XCBuildConfiguration;
			buildSettings = {
				ALWAYS_SEARCH_USER_PATHS = NO;
				CLANG_CXX_LANGUAGE_STANDARD = "gnu++0x";
				CLANG_CXX_LIBRARY = "libc++";
				CLANG_ENABLE_MODULES = YES;
				CLANG_ENABLE_OBJC_ARC = YES;
				CLANG_WARN_BOOL_CONVERSION = YES;
				CLANG_WARN_CONSTANT_CONVERSION = YES;
				CLANG_WARN_DIRECT_OBJC_ISA_USAGE = YES_ERROR;
				CLANG_WARN_EMPTY_BODY = YES;
				CLANG_WARN_ENUM_CONVERSION = YES;
				CLANG_WARN_INT_CONVERSION = YES;
				CLANG_WARN_OBJC_ROOT_CLASS = YES_ERROR;
				CLANG_WARN_UNREACHABLE_CODE = YES;
				CLANG_WARN__DUPLICATE_METHOD_MATCH = YES;
				"CODE_SIGN_IDENTITY[sdk=iphoneos*]" = "iPhone Developer";
				COPY_PHASE_STRIP = NO;
				DEBUG_INFORMATION_FORMAT = dwarf;
				ENABLE_STRICT_OBJC_MSGSEND = YES;
				ENABLE_TESTABILITY = YES;
				GCC_C_LANGUAGE_STANDARD = gnu99;
				GCC_DYNAMIC_NO_PIC = NO;
				GCC_NO_COMMON_BLOCKS = YES;
				GCC_OPTIMIZATION_LEVEL = 0;
				GCC_PREPROCESSOR_DEFINITIONS = (
					"DEBUG=1",
					"$(inherited)",
				);
				GCC_WARN_64_TO_32_BIT_CONVERSION = YES;
				GCC_WARN_ABOUT_RETURN_TYPE = YES_ERROR;
				GCC_WARN_UNDECLARED_SELECTOR = YES;
				GCC_WARN_UNINITIALIZED_AUTOS = YES_AGGRESSIVE;
				GCC_WARN_UNUSED_FUNCTION = YES;
				GCC_WARN_UNUSED_VARIABLE = YES;
				IPHONEOS_DEPLOYMENT_TARGET = 9.2;
				MTL_ENABLE_DEBUG_INFO = YES;
				ONLY_ACTIVE_ARCH = YES;
				SDKROOT = iphoneos;
				SWIFT_OPTIMIZATION_LEVEL = "-Onone";
			};
			name = Debug;
		};
		6D12A6EB1C590DCC002D72CF /* Release */ = {
			isa = XCBuildConfiguration;
			buildSettings = {
				ALWAYS_SEARCH_USER_PATHS = NO;
				CLANG_CXX_LANGUAGE_STANDARD = "gnu++0x";
				CLANG_CXX_LIBRARY = "libc++";
				CLANG_ENABLE_MODULES = YES;
				CLANG_ENABLE_OBJC_ARC = YES;
				CLANG_WARN_BOOL_CONVERSION = YES;
				CLANG_WARN_CONSTANT_CONVERSION = YES;
				CLANG_WARN_DIRECT_OBJC_ISA_USAGE = YES_ERROR;
				CLANG_WARN_EMPTY_BODY = YES;
				CLANG_WARN_ENUM_CONVERSION = YES;
				CLANG_WARN_INT_CONVERSION = YES;
				CLANG_WARN_OBJC_ROOT_CLASS = YES_ERROR;
				CLANG_WARN_UNREACHABLE_CODE = YES;
				CLANG_WARN__DUPLICATE_METHOD_MATCH = YES;
				"CODE_SIGN_IDENTITY[sdk=iphoneos*]" = "iPhone Developer";
				COPY_PHASE_STRIP = NO;
				DEBUG_INFORMATION_FORMAT = "dwarf-with-dsym";
				ENABLE_NS_ASSERTIONS = NO;
				ENABLE_STRICT_OBJC_MSGSEND = YES;
				GCC_C_LANGUAGE_STANDARD = gnu99;
				GCC_NO_COMMON_BLOCKS = YES;
				GCC_WARN_64_TO_32_BIT_CONVERSION = YES;
				GCC_WARN_ABOUT_RETURN_TYPE = YES_ERROR;
				GCC_WARN_UNDECLARED_SELECTOR = YES;
				GCC_WARN_UNINITIALIZED_AUTOS = YES_AGGRESSIVE;
				GCC_WARN_UNUSED_FUNCTION = YES;
				GCC_WARN_UNUSED_VARIABLE = YES;
				IPHONEOS_DEPLOYMENT_TARGET = 9.2;
				MTL_ENABLE_DEBUG_INFO = NO;
				SDKROOT = iphoneos;
				VALIDATE_PRODUCT = YES;
			};
			name = Release;
		};
		6D12A6ED1C590DCC002D72CF /* Debug */ = {
			isa = XCBuildConfiguration;
			buildSettings = {
				ASSETCATALOG_COMPILER_APPICON_NAME = AppIcon;
				INFOPLIST_FILE = PSAR/Info.plist;
				LD_RUNPATH_SEARCH_PATHS = "$(inherited) @executable_path/Frameworks";
				PRODUCT_BUNDLE_IDENTIFIER = com.SimpleAndNew.PSAR;
				PRODUCT_NAME = "$(TARGET_NAME)";
			};
			name = Debug;
		};
		6D12A6EE1C590DCC002D72CF /* Release */ = {
			isa = XCBuildConfiguration;
			buildSettings = {
				ASSETCATALOG_COMPILER_APPICON_NAME = AppIcon;
				INFOPLIST_FILE = PSAR/Info.plist;
				LD_RUNPATH_SEARCH_PATHS = "$(inherited) @executable_path/Frameworks";
				PRODUCT_BUNDLE_IDENTIFIER = com.SimpleAndNew.PSAR;
				PRODUCT_NAME = "$(TARGET_NAME)";
			};
			name = Release;
		};
/* End XCBuildConfiguration section */

/* Begin XCConfigurationList section */
		6D12A6D51C590DCB002D72CF /* Build configuration list for PBXProject "PSAR" */ = {
			isa = XCConfigurationList;
			buildConfigurations = (
				6D12A6EA1C590DCC002D72CF /* Debug */,
				6D12A6EB1C590DCC002D72CF /* Release */,
			);
			defaultConfigurationIsVisible = 0;
			defaultConfigurationName = Release;
		};
		6D12A6EC1C590DCC002D72CF /* Build configuration list for PBXNativeTarget "PSAR" */ = {
			isa = XCConfigurationList;
			buildConfigurations = (
				6D12A6ED1C590DCC002D72CF /* Debug */,
				6D12A6EE1C590DCC002D72CF /* Release */,
			);
			defaultConfigurationIsVisible = 0;
		};
/* End XCConfigurationList section */
	};
	rootObject = 6D12A6D21C590DCB002D72CF /* Project object */;
}
